
Microsoft Visual Studio Solution File, Format Version 12.00
# Visual Studio Version 17
VisualStudioVersion = 17.6.33829.357
MinimumVisualStudioVersion = 10.0.40219.1
Project("{8BC9CEB8-8B4A-11D0-8D11-00A0C91BC942}") = "1", "1.vcxproj", "{D5EC1003-431D-4A6D-86D5-4A8C802DD774}"
EndProject
Project("{8BC9CEB8-8B4A-11D0-8D11-00A0C91BC942}") = "4 var1", "..\4 var1\4 var1.vcxproj", "{D72C85A0-CCE2-4F24-8B81-CB6694E2953A}"
EndProject
Project("{8BC9CEB8-8B4A-11D0-8D11-00A0C91BC942}") = "2", "..\2\2.vcxproj", "{62F21DAD-52AE-49C7-B5F8-412D2C155481}"
EndProject
Project("{8BC9CEB8-8B4A-11D0-8D11-00A0C91BC942}") = "3", "..\3\3.vcxproj", "{872FB95A-C815-492E-AB41-DBAA0D194D73}"
EndProject
Project("{8BC9CEB8-8B4A-11D0-8D11-00A0C91BC942}") = "3.stat", "..\3.stat\3.stat.vcxproj", "{BD6F44B1-6AB1-4B93-9041-AF7CD0CF9494}"
EndProject
Global
	GlobalSection(SolutionConfigurationPlatforms) = preSolution
		Debug|x64 = Debug|x64
		Debug|x86 = Debug|x86
		Release|x64 = Release|x64
		Release|x86 = Release|x86
	EndGlobalSection
	GlobalSection(ProjectConfigurationPlatforms) = postSolution
		{D5EC1003-431D-4A6D-86D5-4A8C802DD774}.Debug|x64.ActiveCfg = Debug|x64
		{D5EC1003-431D-4A6D-86D5-4A8C802DD774}.Debug|x64.Build.0 = Debug|x64
		{D5EC1003-431D-4A6D-86D5-4A8C802DD774}.Debug|x86.ActiveCfg = Debug|Win32
		{D5EC1003-431D-4A6D-86D5-4A8C802DD774}.Debug|x86.Build.0 = Debug|Win32
		{D5EC1003-431D-4A6D-86D5-4A8C802DD774}.Release|x64.ActiveCfg = Release|x64
		{D5EC1003-431D-4A6D-86D5-4A8C802DD774}.Release|x64.Build.0 = Release|x64
		{D5EC1003-431D-4A6D-86D5-4A8C802DD774}.Release|x86.ActiveCfg = Release|Win32
		{D5EC1003-431D-4A6D-86D5-4A8C802DD774}.Release|x86.Build.0 = Release|Win32
		{D72C85A0-CCE2-4F24-8B81-CB6694E2953A}.Debug|x64.ActiveCfg = Debug|x64
		{D72C85A0-CCE2-4F24-8B81-CB6694E2953A}.Debug|x64.Build.0 = Debug|x64
		{D72C85A0-CCE2-4F24-8B81-CB6694E2953A}.Debug|x86.ActiveCfg = Debug|Win32
		{D72C85A0-CCE2-4F24-8B81-CB6694E2953A}.Debug|x86.Build.0 = Debug|Win32
		{D72C85A0-CCE2-4F24-8B81-CB6694E2953A}.Release|x64.ActiveCfg = Release|x64
		{D72C85A0-CCE2-4F24-8B81-CB6694E2953A}.Release|x64.Build.0 = Release|x64
		{D72C85A0-CCE2-4F24-8B81-CB6694E2953A}.Release|x86.ActiveCfg = Release|Win32
		{D72C85A0-CCE2-4F24-8B81-CB6694E2953A}.Release|x86.Build.0 = Release|Win32
		{62F21DAD-52AE-49C7-B5F8-412D2C155481}.Debug|x64.ActiveCfg = Debug|x64
		{62F21DAD-52AE-49C7-B5F8-412D2C155481}.Debug|x64.Build.0 = Debug|x64
		{62F21DAD-52AE-49C7-B5F8-412D2C155481}.Debug|x86.ActiveCfg = Debug|Win32
		{62F21DAD-52AE-49C7-B5F8-412D2C155481}.Debug|x86.Build.0 = Debug|Win32
		{62F21DAD-52AE-49C7-B5F8-412D2C155481}.Release|x64.ActiveCfg = Release|x64
		{62F21DAD-52AE-49C7-B5F8-412D2C155481}.Release|x64.Build.0 = Release|x64
		{62F21DAD-52AE-49C7-B5F8-412D2C155481}.Release|x86.ActiveCfg = Release|Win32
		{62F21DAD-52AE-49C7-B5F8-412D2C155481}.Release|x86.Build.0 = Release|Win32
		{872FB95A-C815-492E-AB41-DBAA0D194D73}.Debug|x64.ActiveCfg = Debug|x64
		{872FB95A-C815-492E-AB41-DBAA0D194D73}.Debug|x64.Build.0 = Debug|x64
		{872FB95A-C815-492E-AB41-DBAA0D194D73}.Debug|x86.ActiveCfg = Debug|Win32
		{872FB95A-C815-492E-AB41-DBAA0D194D73}.Debug|x86.Build.0 = Debug|Win32
		{872FB95A-C815-492E-AB41-DBAA0D194D73}.Release|x64.ActiveCfg = Release|x64
		{872FB95A-C815-492E-AB41-DBAA0D194D73}.Release|x64.Build.0 = Release|x64
		{872FB95A-C815-492E-AB41-DBAA0D194D73}.Release|x86.ActiveCfg = Release|Win32
		{872FB95A-C815-492E-AB41-DBAA0D194D73}.Release|x86.Build.0 = Release|Win32
		{BD6F44B1-6AB1-4B93-9041-AF7CD0CF9494}.Debug|x64.ActiveCfg = Debug|x64
		{BD6F44B1-6AB1-4B93-9041-AF7CD0CF9494}.Debug|x64.Build.0 = Debug|x64
		{BD6F44B1-6AB1-4B93-9041-AF7CD0CF9494}.Debug|x86.ActiveCfg = Debug|Win32
		{BD6F44B1-6AB1-4B93-9041-AF7CD0CF9494}.Debug|x86.Build.0 = Debug|Win32
		{BD6F44B1-6AB1-4B93-9041-AF7CD0CF9494}.Release|x64.ActiveCfg = Release|x64
		{BD6F44B1-6AB1-4B93-9041-AF7CD0CF9494}.Release|x64.Build.0 = Release|x64
		{BD6F44B1-6AB1-4B93-9041-AF7CD0CF9494}.Release|x86.ActiveCfg = Release|Win32
		{BD6F44B1-6AB1-4B93-9041-AF7CD0CF9494}.Release|x86.Build.0 = Release|Win32
	EndGlobalSection
	GlobalSection(SolutionProperties) = preSolution
		HideSolutionNode = FALSE
	EndGlobalSection
	GlobalSection(ExtensibilityGlobals) = postSolution
		SolutionGuid = {AFF51AE0-556A-4655-8001-414024D6A2D8}
	EndGlobalSection
EndGlobal
